Microsoft Visual Studio Solution File, Format Version 11.00
# Visual Studio 2008

Project("{58514516-A613-79F0-C5C9-F29E5DB70929}") = "TechnologicalArt", "Assembly-CSharp.csproj", "{A866AA44-3D93-A862-9C30-3E9BD9C98D4E}"
EndProject
Global
	GlobalSection(SolutionConfigurationPlatforms) = preSolution
		Debug|Any CPU = Debug|Any CPU
		Release|Any CPU = Release|Any CPU
	EndGlobalSection
	GlobalSection(ProjectConfigurationPlatforms) = postSolution
		{A866AA44-3D93-A862-9C30-3E9BD9C98D4E}.Debug|Any CPU.ActiveCfg = Debug|Any CPU
		{A866AA44-3D93-A862-9C30-3E9BD9C98D4E}.Debug|Any CPU.Build.0 = Debug|Any CPU
		{A866AA44-3D93-A862-9C30-3E9BD9C98D4E}.Release|Any CPU.ActiveCfg = Release|Any CPU
		{A866AA44-3D93-A862-9C30-3E9BD9C98D4E}.Release|Any CPU.Build.0 = Release|Any CPU
	EndGlobalSection
	GlobalSection(SolutionProperties) = preSolution
		HideSolutionNode = FALSE
	EndGlobalSection
	GlobalSection(MonoDevelopProperties) = preSolution
		StartupItem = Assembly-CSharp.csproj
	EndGlobalSection
EndGlobal
