
Microsoft Visual Studio Solution File, Format Version 11.00
# Visual Studio 2010
Project("{FAE04EC0-301F-11D3-BF4B-00C04F79EFBC}") = "TheScream", "Assembly-CSharp.csproj", "{F52C0179-9836-D14E-243D-CDE74A055D94}"
EndProject
Global
	GlobalSection(SolutionConfigurationPlatforms) = preSolution
		Debug|Any CPU = Debug|Any CPU
		Release|Any CPU = Release|Any CPU
	EndGlobalSection
	GlobalSection(ProjectConfigurationPlatforms) = postSolution
		{F52C0179-9836-D14E-243D-CDE74A055D94}.Debug|Any CPU.ActiveCfg = Debug|Any CPU
		{F52C0179-9836-D14E-243D-CDE74A055D94}.Debug|Any CPU.Build.0 = Debug|Any CPU
		{F52C0179-9836-D14E-243D-CDE74A055D94}.Release|Any CPU.ActiveCfg = Release|Any CPU
		{F52C0179-9836-D14E-243D-CDE74A055D94}.Release|Any CPU.Build.0 = Release|Any CPU
	EndGlobalSection
	GlobalSection(SolutionProperties) = preSolution
		HideSolutionNode = FALSE
	EndGlobalSection
	GlobalSection(MonoDevelopProperties) = preSolution
		StartupItem = Assembly-CSharp.csproj
	EndGlobalSection
EndGlobal
