Microsoft Visual Studio Solution File, Format Version 11.00
# Visual Studio 2008

Project("{0D7BB16C-389A-33D1-B909-165E1EA42F5C}") = "RobotVsHuman-ver1", "Assembly-CSharp.csproj", "{CECC1D5D-2CBF-505A-4896-D52E2ECF00A2}"
EndProject
Global
	GlobalSection(SolutionConfigurationPlatforms) = preSolution
		Debug|Any CPU = Debug|Any CPU
		Release|Any CPU = Release|Any CPU
	EndGlobalSection
	GlobalSection(ProjectConfigurationPlatforms) = postSolution
		{CECC1D5D-2CBF-505A-4896-D52E2ECF00A2}.Debug|Any CPU.ActiveCfg = Debug|Any CPU
		{CECC1D5D-2CBF-505A-4896-D52E2ECF00A2}.Debug|Any CPU.Build.0 = Debug|Any CPU
		{CECC1D5D-2CBF-505A-4896-D52E2ECF00A2}.Release|Any CPU.ActiveCfg = Release|Any CPU
		{CECC1D5D-2CBF-505A-4896-D52E2ECF00A2}.Release|Any CPU.Build.0 = Release|Any CPU
	EndGlobalSection
	GlobalSection(SolutionProperties) = preSolution
		HideSolutionNode = FALSE
	EndGlobalSection
	GlobalSection(MonoDevelopProperties) = preSolution
		StartupItem = Assembly-CSharp.csproj
	EndGlobalSection
EndGlobal
